
Microsoft Visual Studio Solution File, Format Version 12.00
# Visual Studio 14
VisualStudioVersion = 14.0.25420.1
MinimumVisualStudioVersion = 10.0.40219.1
Project("{8BC9CEB8-8B4A-11D0-8D11-00A0C91BC942}") = "testPathFinder", "TestPathFinder\testFenetre.vcxproj", "{8856E7D5-706D-40F6-99DE-7B489FEBA465}"
	ProjectSection(ProjectDependencies) = postProject
		{B29A8320-2A6C-47C4-890E-977FCD9A8552} = {B29A8320-2A6C-47C4-890E-977FCD9A8552}
	EndProjectSection
EndProject
Project("{8BC9CEB8-8B4A-11D0-8D11-00A0C91BC942}") = "IA", "IA\IA.vcxproj", "{B29A8320-2A6C-47C4-890E-977FCD9A8552}"
EndProject
Global
	GlobalSection(SolutionConfigurationPlatforms) = preSolution
		Debug|x64 = Debug|x64
		Debug|x86 = Debug|x86
		Release|x64 = Release|x64
		Release|x86 = Release|x86
	EndGlobalSection
	GlobalSection(ProjectConfigurationPlatforms) = postSolution
		{8856E7D5-706D-40F6-99DE-7B489FEBA465}.Debug|x64.ActiveCfg = Debug|x64
		{8856E7D5-706D-40F6-99DE-7B489FEBA465}.Debug|x64.Build.0 = Debug|x64
		{8856E7D5-706D-40F6-99DE-7B489FEBA465}.Debug|x86.ActiveCfg = Debug|Win32
		{8856E7D5-706D-40F6-99DE-7B489FEBA465}.Debug|x86.Build.0 = Debug|Win32
		{8856E7D5-706D-40F6-99DE-7B489FEBA465}.Release|x64.ActiveCfg = Release|x64
		{8856E7D5-706D-40F6-99DE-7B489FEBA465}.Release|x64.Build.0 = Release|x64
		{8856E7D5-706D-40F6-99DE-7B489FEBA465}.Release|x86.ActiveCfg = Release|Win32
		{8856E7D5-706D-40F6-99DE-7B489FEBA465}.Release|x86.Build.0 = Release|Win32
		{B29A8320-2A6C-47C4-890E-977FCD9A8552}.Debug|x64.ActiveCfg = Debug|x64
		{B29A8320-2A6C-47C4-890E-977FCD9A8552}.Debug|x64.Build.0 = Debug|x64
		{B29A8320-2A6C-47C4-890E-977FCD9A8552}.Debug|x86.ActiveCfg = Debug|Win32
		{B29A8320-2A6C-47C4-890E-977FCD9A8552}.Debug|x86.Build.0 = Debug|Win32
		{B29A8320-2A6C-47C4-890E-977FCD9A8552}.Release|x64.ActiveCfg = Release|x64
		{B29A8320-2A6C-47C4-890E-977FCD9A8552}.Release|x64.Build.0 = Release|x64
		{B29A8320-2A6C-47C4-890E-977FCD9A8552}.Release|x86.ActiveCfg = Release|Win32
		{B29A8320-2A6C-47C4-890E-977FCD9A8552}.Release|x86.Build.0 = Release|Win32
	EndGlobalSection
	GlobalSection(SolutionProperties) = preSolution
		HideSolutionNode = FALSE
	EndGlobalSection
EndGlobal
